Microsoft Visual Studio Solution File, Format Version 12.00
# Visual Studio Version 17
VisualStudioVersion = 17.5.2.0
MinimumVisualStudioVersion = 10.0.40219.1
Project("{FAE04EC0-301F-11D3-BF4B-00C04F79EFBC}") = "Testhowitwork", "Testhowitwork.csproj", "{BED26880-A521-9627-5045-BBCC7223B9DA}"
EndProject
Global
	GlobalSection(SolutionConfigurationPlatforms) = preSolution
		Debug|Any CPU = Debug|Any CPU
		Release|Any CPU = Release|Any CPU
	EndGlobalSection
	GlobalSection(ProjectConfigurationPlatforms) = postSolution
		{BED26880-A521-9627-5045-BBCC7223B9DA}.Debug|Any CPU.ActiveCfg = Debug|Any CPU
		{BED26880-A521-9627-5045-BBCC7223B9DA}.Debug|Any CPU.Build.0 = Debug|Any CPU
		{BED26880-A521-9627-5045-BBCC7223B9DA}.Release|Any CPU.ActiveCfg = Release|Any CPU
		{BED26880-A521-9627-5045-BBCC7223B9DA}.Release|Any CPU.Build.0 = Release|Any CPU
	EndGlobalSection
	GlobalSection(SolutionProperties) = preSolution
		HideSolutionNode = FALSE
	EndGlobalSection
	GlobalSection(ExtensibilityGlobals) = postSolution
		SolutionGuid = {3C68FC0D-05F4-4853-91E9-700618CA6A17}
	EndGlobalSection
EndGlobal
