
Microsoft Visual Studio Solution File, Format Version 12.00
# Visual Studio Version 17
VisualStudioVersion = 17.5.2.0
MinimumVisualStudioVersion = 10.0.40219.1
Project("{FAE04EC0-301F-11D3-BF4B-00C04F79EFBC}") = "Индекс максимума", "Индекс максимума.csproj", "{21C02F99-2975-5AEE-E41E-10C08E223535}"
EndProject
Global
	GlobalSection(SolutionConfigurationPlatforms) = preSolution
		Debug|Any CPU = Debug|Any CPU
		Release|Any CPU = Release|Any CPU
	EndGlobalSection
	GlobalSection(ProjectConfigurationPlatforms) = postSolution
		{21C02F99-2975-5AEE-E41E-10C08E223535}.Debug|Any CPU.ActiveCfg = Debug|Any CPU
		{21C02F99-2975-5AEE-E41E-10C08E223535}.Debug|Any CPU.Build.0 = Debug|Any CPU
		{21C02F99-2975-5AEE-E41E-10C08E223535}.Release|Any CPU.ActiveCfg = Release|Any CPU
		{21C02F99-2975-5AEE-E41E-10C08E223535}.Release|Any CPU.Build.0 = Release|Any CPU
	EndGlobalSection
	GlobalSection(SolutionProperties) = preSolution
		HideSolutionNode = FALSE
	EndGlobalSection
	GlobalSection(ExtensibilityGlobals) = postSolution
		SolutionGuid = {47A3E08B-089D-4B39-A45C-7C00E6EF3D0F}
	EndGlobalSection
EndGlobal
