
Microsoft Visual Studio Solution File, Format Version 12.00
# Visual Studio Version 17
VisualStudioVersion = 17.5.2.0
MinimumVisualStudioVersion = 10.0.40219.1
Project("{FAE04EC0-301F-11D3-BF4B-00C04F79EFBC}") = "Карты Таро", "Карты Таро.csproj", "{8C795A25-3338-D57A-EBAF-5E48EFCC71D5}"
EndProject
Global
	GlobalSection(SolutionConfigurationPlatforms) = preSolution
		Debug|Any CPU = Debug|Any CPU
		Release|Any CPU = Release|Any CPU
	EndGlobalSection
	GlobalSection(ProjectConfigurationPlatforms) = postSolution
		{8C795A25-3338-D57A-EBAF-5E48EFCC71D5}.Debug|Any CPU.ActiveCfg = Debug|Any CPU
		{8C795A25-3338-D57A-EBAF-5E48EFCC71D5}.Debug|Any CPU.Build.0 = Debug|Any CPU
		{8C795A25-3338-D57A-EBAF-5E48EFCC71D5}.Release|Any CPU.ActiveCfg = Release|Any CPU
		{8C795A25-3338-D57A-EBAF-5E48EFCC71D5}.Release|Any CPU.Build.0 = Release|Any CPU
	EndGlobalSection
	GlobalSection(SolutionProperties) = preSolution
		HideSolutionNode = FALSE
	EndGlobalSection
	GlobalSection(ExtensibilityGlobals) = postSolution
		SolutionGuid = {489588B8-A0FB-49B1-8747-07C7C12FA096}
	EndGlobalSection
EndGlobal
