Microsoft Visual Studio Solution File, Format Version 12.00
# Visual Studio Version 17
VisualStudioVersion = 17.5.2.0
MinimumVisualStudioVersion = 10.0.40219.1
Project("{FAE04EC0-301F-11D3-BF4B-00C04F79EFBC}") = "PracticumVersion2", "PracticumVersion2.csproj", "{FBA50C49-21B6-5517-F35F-D60DBC715CDA}"
EndProject
Global
	GlobalSection(SolutionConfigurationPlatforms) = preSolution
		Debug|Any CPU = Debug|Any CPU
		Release|Any CPU = Release|Any CPU
	EndGlobalSection
	GlobalSection(ProjectConfigurationPlatforms) = postSolution
		{FBA50C49-21B6-5517-F35F-D60DBC715CDA}.Debug|Any CPU.ActiveCfg = Debug|Any CPU
		{FBA50C49-21B6-5517-F35F-D60DBC715CDA}.Debug|Any CPU.Build.0 = Debug|Any CPU
		{FBA50C49-21B6-5517-F35F-D60DBC715CDA}.Release|Any CPU.ActiveCfg = Release|Any CPU
		{FBA50C49-21B6-5517-F35F-D60DBC715CDA}.Release|Any CPU.Build.0 = Release|Any CPU
	EndGlobalSection
	GlobalSection(SolutionProperties) = preSolution
		HideSolutionNode = FALSE
	EndGlobalSection
	GlobalSection(ExtensibilityGlobals) = postSolution
		SolutionGuid = {0719AC38-B8EF-45AF-BAE3-BA8A84B72D2F}
	EndGlobalSection
EndGlobal
