
Microsoft Visual Studio Solution File, Format Version 12.00
# Visual Studio Version 17
VisualStudioVersion = 17.5.2.0
MinimumVisualStudioVersion = 10.0.40219.1
Project("{FAE04EC0-301F-11D3-BF4B-00C04F79EFBC}") = "Stepen2Practicum", "Stepen2Practicum.csproj", "{34B5A626-96A7-D164-A6CD-C78FB889C0FB}"
EndProject
Project("{FAE04EC0-301F-11D3-BF4B-00C04F79EFBC}") = "RecursionSumOfList", "RecursionSumOfList\RecursionSumOfList.csproj", "{75DE6EA1-8558-477C-86EA-2B5A5EE86BC9}"
EndProject
Global
	GlobalSection(SolutionConfigurationPlatforms) = preSolution
		Debug|Any CPU = Debug|Any CPU
		Debug|x64 = Debug|x64
		Debug|x86 = Debug|x86
		Release|Any CPU = Release|Any CPU
		Release|x64 = Release|x64
		Release|x86 = Release|x86
	EndGlobalSection
	GlobalSection(ProjectConfigurationPlatforms) = postSolution
		{34B5A626-96A7-D164-A6CD-C78FB889C0FB}.Debug|Any CPU.ActiveCfg = Debug|Any CPU
		{34B5A626-96A7-D164-A6CD-C78FB889C0FB}.Debug|Any CPU.Build.0 = Debug|Any CPU
		{34B5A626-96A7-D164-A6CD-C78FB889C0FB}.Debug|x64.ActiveCfg = Debug|Any CPU
		{34B5A626-96A7-D164-A6CD-C78FB889C0FB}.Debug|x64.Build.0 = Debug|Any CPU
		{34B5A626-96A7-D164-A6CD-C78FB889C0FB}.Debug|x86.ActiveCfg = Debug|Any CPU
		{34B5A626-96A7-D164-A6CD-C78FB889C0FB}.Debug|x86.Build.0 = Debug|Any CPU
		{34B5A626-96A7-D164-A6CD-C78FB889C0FB}.Release|Any CPU.ActiveCfg = Release|Any CPU
		{34B5A626-96A7-D164-A6CD-C78FB889C0FB}.Release|Any CPU.Build.0 = Release|Any CPU
		{34B5A626-96A7-D164-A6CD-C78FB889C0FB}.Release|x64.ActiveCfg = Release|Any CPU
		{34B5A626-96A7-D164-A6CD-C78FB889C0FB}.Release|x64.Build.0 = Release|Any CPU
		{34B5A626-96A7-D164-A6CD-C78FB889C0FB}.Release|x86.ActiveCfg = Release|Any CPU
		{34B5A626-96A7-D164-A6CD-C78FB889C0FB}.Release|x86.Build.0 = Release|Any CPU
		{75DE6EA1-8558-477C-86EA-2B5A5EE86BC9}.Debug|Any CPU.ActiveCfg = Debug|Any CPU
		{75DE6EA1-8558-477C-86EA-2B5A5EE86BC9}.Debug|Any CPU.Build.0 = Debug|Any CPU
		{75DE6EA1-8558-477C-86EA-2B5A5EE86BC9}.Debug|x64.ActiveCfg = Debug|Any CPU
		{75DE6EA1-8558-477C-86EA-2B5A5EE86BC9}.Debug|x64.Build.0 = Debug|Any CPU
		{75DE6EA1-8558-477C-86EA-2B5A5EE86BC9}.Debug|x86.ActiveCfg = Debug|Any CPU
		{75DE6EA1-8558-477C-86EA-2B5A5EE86BC9}.Debug|x86.Build.0 = Debug|Any CPU
		{75DE6EA1-8558-477C-86EA-2B5A5EE86BC9}.Release|Any CPU.ActiveCfg = Release|Any CPU
		{75DE6EA1-8558-477C-86EA-2B5A5EE86BC9}.Release|Any CPU.Build.0 = Release|Any CPU
		{75DE6EA1-8558-477C-86EA-2B5A5EE86BC9}.Release|x64.ActiveCfg = Release|Any CPU
		{75DE6EA1-8558-477C-86EA-2B5A5EE86BC9}.Release|x64.Build.0 = Release|Any CPU
		{75DE6EA1-8558-477C-86EA-2B5A5EE86BC9}.Release|x86.ActiveCfg = Release|Any CPU
		{75DE6EA1-8558-477C-86EA-2B5A5EE86BC9}.Release|x86.Build.0 = Release|Any CPU
	EndGlobalSection
	GlobalSection(SolutionProperties) = preSolution
		HideSolutionNode = FALSE
	EndGlobalSection
	GlobalSection(ExtensibilityGlobals) = postSolution
		SolutionGuid = {6E89F0A7-2C79-45D5-8A88-4E3D80457EA8}
	EndGlobalSection
EndGlobal
