Microsoft Visual Studio Solution File, Format Version 12.00
# Visual Studio Version 17
VisualStudioVersion = 17.5.2.0
MinimumVisualStudioVersion = 10.0.40219.1
Project("{FAE04EC0-301F-11D3-BF4B-00C04F79EFBC}") = "Pesochnica from contur", "Pesochnica from contur.csproj", "{BAAB8387-2700-6FF9-1F8D-1A4E1A8EE95D}"
EndProject
Global
	GlobalSection(SolutionConfigurationPlatforms) = preSolution
		Debug|Any CPU = Debug|Any CPU
		Release|Any CPU = Release|Any CPU
	EndGlobalSection
	GlobalSection(ProjectConfigurationPlatforms) = postSolution
		{BAAB8387-2700-6FF9-1F8D-1A4E1A8EE95D}.Debug|Any CPU.ActiveCfg = Debug|Any CPU
		{BAAB8387-2700-6FF9-1F8D-1A4E1A8EE95D}.Debug|Any CPU.Build.0 = Debug|Any CPU
		{BAAB8387-2700-6FF9-1F8D-1A4E1A8EE95D}.Release|Any CPU.ActiveCfg = Release|Any CPU
		{BAAB8387-2700-6FF9-1F8D-1A4E1A8EE95D}.Release|Any CPU.Build.0 = Release|Any CPU
	EndGlobalSection
	GlobalSection(SolutionProperties) = preSolution
		HideSolutionNode = FALSE
	EndGlobalSection
	GlobalSection(ExtensibilityGlobals) = postSolution
		SolutionGuid = {B1BC74DC-C766-4AA6-9AEF-17FA227637B2}
	EndGlobalSection
EndGlobal
