Microsoft Visual Studio Solution File, Format Version 12.00
# Visual Studio Version 17
VisualStudioVersion = 17.5.2.0
MinimumVisualStudioVersion = 10.0.40219.1
Project("{FAE04EC0-301F-11D3-BF4B-00C04F79EFBC}") = "Mutability of the array", "Mutability of the array.csproj", "{74F816BF-87E1-D536-4960-D4188740F974}"
EndProject
Global
	GlobalSection(SolutionConfigurationPlatforms) = preSolution
		Debug|Any CPU = Debug|Any CPU
		Release|Any CPU = Release|Any CPU
	EndGlobalSection
	GlobalSection(ProjectConfigurationPlatforms) = postSolution
		{74F816BF-87E1-D536-4960-D4188740F974}.Debug|Any CPU.ActiveCfg = Debug|Any CPU
		{74F816BF-87E1-D536-4960-D4188740F974}.Debug|Any CPU.Build.0 = Debug|Any CPU
		{74F816BF-87E1-D536-4960-D4188740F974}.Release|Any CPU.ActiveCfg = Release|Any CPU
		{74F816BF-87E1-D536-4960-D4188740F974}.Release|Any CPU.Build.0 = Release|Any CPU
	EndGlobalSection
	GlobalSection(SolutionProperties) = preSolution
		HideSolutionNode = FALSE
	EndGlobalSection
	GlobalSection(ExtensibilityGlobals) = postSolution
		SolutionGuid = {8A705C52-F833-46AA-9E58-B415F96C8D90}
	EndGlobalSection
EndGlobal
